
Microsoft Visual Studio Solution File, Format Version 12.00
# Visual Studio Version 17
VisualStudioVersion = 17.4.33213.308
MinimumVisualStudioVersion = 10.0.40219.1
Project("{9A19103F-16F7-4668-BE54-9A1E7A4F7556}") = "acControl", "acControl\acControl.csproj", "{F151EAC7-B391-45D9-95E0-BC184A1828F4}"
EndProject
Global
	GlobalSection(SolutionConfigurationPlatforms) = preSolution
		Debug|Any CPU = Debug|Any CPU
		Debug|x64 = Debug|x64
		Release|Any CPU = Release|Any CPU
		Release|x64 = Release|x64
	EndGlobalSection
	GlobalSection(ProjectConfigurationPlatforms) = postSolution
		{F151EAC7-B391-45D9-95E0-BC184A1828F4}.Debug|Any CPU.ActiveCfg = Debug|Any CPU
		{F151EAC7-B391-45D9-95E0-BC184A1828F4}.Debug|Any CPU.Build.0 = Debug|Any CPU
		{F151EAC7-B391-45D9-95E0-BC184A1828F4}.Debug|x64.ActiveCfg = Debug|x64
		{F151EAC7-B391-45D9-95E0-BC184A1828F4}.Debug|x64.Build.0 = Debug|x64
		{F151EAC7-B391-45D9-95E0-BC184A1828F4}.Release|Any CPU.ActiveCfg = Release|Any CPU
		{F151EAC7-B391-45D9-95E0-BC184A1828F4}.Release|Any CPU.Build.0 = Release|Any CPU
		{F151EAC7-B391-45D9-95E0-BC184A1828F4}.Release|x64.ActiveCfg = Release|x64
		{F151EAC7-B391-45D9-95E0-BC184A1828F4}.Release|x64.Build.0 = Release|x64
	EndGlobalSection
	GlobalSection(SolutionProperties) = preSolution
		HideSolutionNode = FALSE
	EndGlobalSection
	GlobalSection(ExtensibilityGlobals) = postSolution
		SolutionGuid = {CE2B8685-1E5E-497A-AA5A-1E2D14EB8AD1}
	EndGlobalSection
EndGlobal
